
Microsoft Visual Studio Solution File, Format Version 12.00
# Visual Studio 15
Project("{FAE04EC0-301F-11D3-BF4B-00C04F79EFBC}") = "Assembly-CSharp", "Assembly-CSharp.csproj", "{308EA6E6-A980-6852-D14A-E236DACBA09C}"
EndProject
Project("{FAE04EC0-301F-11D3-BF4B-00C04F79EFBC}") = "NavMeshComponents", "NavMeshComponents.csproj", "{F948CEA5-0AD4-2D25-82CF-CF97A2EBCAB3}"
EndProject
Project("{FAE04EC0-301F-11D3-BF4B-00C04F79EFBC}") = "NavMeshComponentsEditor", "NavMeshComponentsEditor.csproj", "{A647EB8B-DBD0-8E6D-9365-501FE7AE54CF}"
EndProject
Global
	GlobalSection(SolutionConfigurationPlatforms) = preSolution
		Debug|Any CPU = Debug|Any CPU
		Release|Any CPU = Release|Any CPU
	EndGlobalSection
	GlobalSection(ProjectConfigurationPlatforms) = postSolution
		{308EA6E6-A980-6852-D14A-E236DACBA09C}.Debug|Any CPU.ActiveCfg = Debug|Any CPU
		{308EA6E6-A980-6852-D14A-E236DACBA09C}.Debug|Any CPU.Build.0 = Debug|Any CPU
		{308EA6E6-A980-6852-D14A-E236DACBA09C}.Release|Any CPU.ActiveCfg = Release|Any CPU
		{308EA6E6-A980-6852-D14A-E236DACBA09C}.Release|Any CPU.Build.0 = Release|Any CPU
		{F948CEA5-0AD4-2D25-82CF-CF97A2EBCAB3}.Debug|Any CPU.ActiveCfg = Debug|Any CPU
		{F948CEA5-0AD4-2D25-82CF-CF97A2EBCAB3}.Debug|Any CPU.Build.0 = Debug|Any CPU
		{F948CEA5-0AD4-2D25-82CF-CF97A2EBCAB3}.Release|Any CPU.ActiveCfg = Release|Any CPU
		{F948CEA5-0AD4-2D25-82CF-CF97A2EBCAB3}.Release|Any CPU.Build.0 = Release|Any CPU
		{A647EB8B-DBD0-8E6D-9365-501FE7AE54CF}.Debug|Any CPU.ActiveCfg = Debug|Any CPU
		{A647EB8B-DBD0-8E6D-9365-501FE7AE54CF}.Debug|Any CPU.Build.0 = Debug|Any CPU
		{A647EB8B-DBD0-8E6D-9365-501FE7AE54CF}.Release|Any CPU.ActiveCfg = Release|Any CPU
		{A647EB8B-DBD0-8E6D-9365-501FE7AE54CF}.Release|Any CPU.Build.0 = Release|Any CPU
	EndGlobalSection
	GlobalSection(SolutionProperties) = preSolution
		HideSolutionNode = FALSE
	EndGlobalSection
EndGlobal
